
Microsoft Visual Studio Solution File, Format Version 12.00
# Visual Studio 15
VisualStudioVersion = 15.0.27130.2024
MinimumVisualStudioVersion = 10.0.40219.1
Project("{FAE04EC0-301F-11D3-BF4B-00C04F79EFBC}") = "EngagementRatioAutomation", "EngagementRatioAutomation\EngagementRatioAutomation.csproj", "{E6B77D63-3B57-4F17-8417-E79F34544B8C}"
EndProject
Global
	GlobalSection(SolutionConfigurationPlatforms) = preSolution
		Debug|Any CPU = Debug|Any CPU
		Release|Any CPU = Release|Any CPU
	EndGlobalSection
	GlobalSection(ProjectConfigurationPlatforms) = postSolution
		{E6B77D63-3B57-4F17-8417-E79F34544B8C}.Debug|Any CPU.ActiveCfg = Debug|Any CPU
		{E6B77D63-3B57-4F17-8417-E79F34544B8C}.Debug|Any CPU.Build.0 = Debug|Any CPU
		{E6B77D63-3B57-4F17-8417-E79F34544B8C}.Release|Any CPU.ActiveCfg = Release|Any CPU
		{E6B77D63-3B57-4F17-8417-E79F34544B8C}.Release|Any CPU.Build.0 = Release|Any CPU
	EndGlobalSection
	GlobalSection(SolutionProperties) = preSolution
		HideSolutionNode = FALSE
	EndGlobalSection
	GlobalSection(ExtensibilityGlobals) = postSolution
		SolutionGuid = {B0948191-EA79-47E4-BD73-6428E726E41D}
	EndGlobalSection
EndGlobal
